
Microsoft Visual Studio Solution File, Format Version 12.00
# Visual Studio Version 17
VisualStudioVersion = 17.7.34009.444
MinimumVisualStudioVersion = 10.0.40219.1
Project("{FAE04EC0-301F-11D3-BF4B-00C04F79EFBC}") = "ValueTypesReferenceTypes", "ValueTypesReferenceTypes\ValueTypesReferenceTypes.csproj", "{A32F8B2D-9995-4520-9306-ADE05D555709}"
EndProject
Global
	GlobalSection(SolutionConfigurationPlatforms) = preSolution
		Debug|Any CPU = Debug|Any CPU
		Release|Any CPU = Release|Any CPU
	EndGlobalSection
	GlobalSection(ProjectConfigurationPlatforms) = postSolution
		{A32F8B2D-9995-4520-9306-ADE05D555709}.Debug|Any CPU.ActiveCfg = Debug|Any CPU
		{A32F8B2D-9995-4520-9306-ADE05D555709}.Debug|Any CPU.Build.0 = Debug|Any CPU
		{A32F8B2D-9995-4520-9306-ADE05D555709}.Release|Any CPU.ActiveCfg = Release|Any CPU
		{A32F8B2D-9995-4520-9306-ADE05D555709}.Release|Any CPU.Build.0 = Release|Any CPU
	EndGlobalSection
	GlobalSection(SolutionProperties) = preSolution
		HideSolutionNode = FALSE
	EndGlobalSection
	GlobalSection(ExtensibilityGlobals) = postSolution
		SolutionGuid = {8FB1E356-0E38-485C-93D8-CB76DBB34E7A}
	EndGlobalSection
EndGlobal
