
Microsoft Visual Studio Solution File, Format Version 12.00
# Visual Studio Version 17
VisualStudioVersion = 17.7.34009.444
MinimumVisualStudioVersion = 10.0.40219.1
Project("{FAE04EC0-301F-11D3-BF4B-00C04F79EFBC}") = "Cronometro", "Cronometro\Cronometro.csproj", "{1049DC96-DD76-4664-9E90-E5BEC34A83BA}"
EndProject
Global
	GlobalSection(SolutionConfigurationPlatforms) = preSolution
		Debug|Any CPU = Debug|Any CPU
		Release|Any CPU = Release|Any CPU
	EndGlobalSection
	GlobalSection(ProjectConfigurationPlatforms) = postSolution
		{1049DC96-DD76-4664-9E90-E5BEC34A83BA}.Debug|Any CPU.ActiveCfg = Debug|Any CPU
		{1049DC96-DD76-4664-9E90-E5BEC34A83BA}.Debug|Any CPU.Build.0 = Debug|Any CPU
		{1049DC96-DD76-4664-9E90-E5BEC34A83BA}.Release|Any CPU.ActiveCfg = Release|Any CPU
		{1049DC96-DD76-4664-9E90-E5BEC34A83BA}.Release|Any CPU.Build.0 = Release|Any CPU
	EndGlobalSection
	GlobalSection(SolutionProperties) = preSolution
		HideSolutionNode = FALSE
	EndGlobalSection
	GlobalSection(ExtensibilityGlobals) = postSolution
		SolutionGuid = {3221E03E-3465-467A-98EA-3711DF08D5E8}
	EndGlobalSection
EndGlobal
